// !$*UTF8*$!
{
	archiveVersion = 1;
	classes = {
	};
	objectVersion = 50;
	objects = {

/* Begin PBXBuildFile section */
		4976E1C5268DC13B00DF4BE3 /* GraphQLCountryApp.swift in Sources */ = {isa = PBXBuildFile; fileRef = 4976E1C4268DC13B00DF4BE3 /* GraphQLCountryApp.swift */; };
		4976E1C7268DC13B00DF4BE3 /* ContentView.swift in Sources */ = {isa = PBXBuildFile; fileRef = 4976E1C6268DC13B00DF4BE3 /* ContentView.swift */; };
		4976E1C9268DC13C00DF4BE3 /* Assets.xcassets in Resources */ = {isa = PBXBuildFile; fileRef = 4976E1C8268DC13C00DF4BE3 /* Assets.xcassets */; };
		4976E1CC268DC13C00DF4BE3 /* Preview Assets.xcassets in Resources */ = {isa = PBXBuildFile; fileRef = 4976E1CB268DC13C00DF4BE3 /* Preview Assets.xcassets */; };
		4976E1D7268DC13C00DF4BE3 /* GraphQLCountryTests.swift in Sources */ = {isa = PBXBuildFile; fileRef = 4976E1D6268DC13C00DF4BE3 /* GraphQLCountryTests.swift */; };
		4976E1E2268DC13C00DF4BE3 /* GraphQLCountryUITests.swift in Sources */ = {isa = PBXBuildFile; fileRef = 4976E1E1268DC13C00DF4BE3 /* GraphQLCountryUITests.swift */; };
		4976E1F1268DC18B00DF4BE3 /* Apollo.swift in Sources */ = {isa = PBXBuildFile; fileRef = 4976E1F0268DC18B00DF4BE3 /* Apollo.swift */; };
		4976E1F3268DC1CA00DF4BE3 /* Queries.graphql in Resources */ = {isa = PBXBuildFile; fileRef = 4976E1F2268DC1CA00DF4BE3 /* Queries.graphql */; };
/* End PBXBuildFile section */

/* Begin PBXContainerItemProxy section */
		4976E1D3268DC13C00DF4BE3 /* PBXContainerItemProxy */ = {
			isa = PBXContainerItemProxy;
			containerPortal = 4976E1B9268DC13B00DF4BE3 /* Project object */;
			proxyType = 1;
			remoteGlobalIDString = 4976E1C0268DC13B00DF4BE3;
			remoteInfo = GraphQLCountry;
		};
		4976E1DE268DC13C00DF4BE3 /* PBXContainerItemProxy */ = {
			isa = PBXContainerItemProxy;
			containerPortal = 4976E1B9268DC13B00DF4BE3 /* Project object */;
			proxyType = 1;
			remoteGlobalIDString = 4976E1C0268DC13B00DF4BE3;
			remoteInfo = GraphQLCountry;
		};
/* End PBXContainerItemProxy section */

/* Begin PBXFileReference section */
		4976E1C1268DC13B00DF4BE3 /* GraphQLCountry.app */ = {isa = PBXFileReference; explicitFileType = wrapper.application; includeInIndex = 0; path = GraphQLCountry.app; sourceTree = BUILT_PRODUCTS_DIR; };
		4976E1C4268DC13B00DF4BE3 /* GraphQLCountryApp.swift */ = {isa = PBXFileReference; lastKnownFileType = sourcecode.swift; path = GraphQLCountryApp.swift; sourceTree = "<group>"; };
		4976E1C6268DC13B00DF4BE3 /* ContentView.swift */ = {isa = PBXFileReference; lastKnownFileType = sourcecode.swift; path = ContentView.swift; sourceTree = "<group>"; };
		4976E1C8268DC13C00DF4BE3 /* Assets.xcassets */ = {isa = PBXFileReference; lastKnownFileType = folder.assetcatalog; path = Assets.xcassets; sourceTree = "<group>"; };
		4976E1CB268DC13C00DF4BE3 /* Preview Assets.xcassets */ = {isa = PBXFileReference; lastKnownFileType = folder.assetcatalog; path = "Preview Assets.xcassets"; sourceTree = "<group>"; };
		4976E1CD268DC13C00DF4BE3 /* Info.plist */ = {isa = PBXFileReference; lastKnownFileType = text.plist.xml; path = Info.plist; sourceTree = "<group>"; };
		4976E1D2268DC13C00DF4BE3 /* GraphQLCountryTests.xctest */ = {isa = PBXFileReference; explicitFileType = wrapper.cfbundle; includeInIndex = 0; path = GraphQLCountryTests.xctest; sourceTree = BUILT_PRODUCTS_DIR; };
		4976E1D6268DC13C00DF4BE3 /* GraphQLCountryTests.swift */ = {isa = PBXFileReference; lastKnownFileType = sourcecode.swift; path = GraphQLCountryTests.swift; sourceTree = "<group>"; };
		4976E1D8268DC13C00DF4BE3 /* Info.plist */ = {isa = PBXFileReference; lastKnownFileType = text.plist.xml; path = Info.plist; sourceTree = "<group>"; };
		4976E1DD268DC13C00DF4BE3 /* GraphQLCountryUITests.xctest */ = {isa = PBXFileReference; explicitFileType = wrapper.cfbundle; includeInIndex = 0; path = GraphQLCountryUITests.xctest; sourceTree = BUILT_PRODUCTS_DIR; };
		4976E1E1268DC13C00DF4BE3 /* GraphQLCountryUITests.swift */ = {isa = PBXFileReference; lastKnownFileType = sourcecode.swift; path = GraphQLCountryUITests.swift; sourceTree = "<group>"; };
		4976E1E3268DC13C00DF4BE3 /* Info.plist */ = {isa = PBXFileReference; lastKnownFileType = text.plist.xml; path = Info.plist; sourceTree = "<group>"; };
		4976E1F0268DC18B00DF4BE3 /* Apollo.swift */ = {isa = PBXFileReference; lastKnownFileType = sourcecode.swift; path = Apollo.swift; sourceTree = "<group>"; };
		4976E1F2268DC1CA00DF4BE3 /* Queries.graphql */ = {isa = PBXFileReference; lastKnownFileType = text; path = Queries.graphql; sourceTree = "<group>"; };
/* End PBXFileReference section */

/* Begin PBXFrameworksBuildPhase section */
		4976E1BE268DC13B00DF4BE3 /* Frameworks */ = {
			isa = PBXFrameworksBuildPhase;
			buildActionMask = 2147483647;
			files = (
			);
			runOnlyForDeploymentPostprocessing = 0;
		};
		4976E1CF268DC13C00DF4BE3 /* Frameworks */ = {
			isa = PBXFrameworksBuildPhase;
			buildActionMask = 2147483647;
			files = (
			);
			runOnlyForDeploymentPostprocessing = 0;
		};
		4976E1DA268DC13C00DF4BE3 /* Frameworks */ = {
			isa = PBXFrameworksBuildPhase;
			buildActionMask = 2147483647;
			files = (
			);
			runOnlyForDeploymentPostprocessing = 0;
		};
/* End PBXFrameworksBuildPhase section */

/* Begin PBXGroup section */
		4976E1B8268DC13B00DF4BE3 = {
			isa = PBXGroup;
			children = (
				4976E1C3268DC13B00DF4BE3 /* GraphQLCountry */,
				4976E1D5268DC13C00DF4BE3 /* GraphQLCountryTests */,
				4976E1E0268DC13C00DF4BE3 /* GraphQLCountryUITests */,
				4976E1C2268DC13B00DF4BE3 /* Products */,
			);
			sourceTree = "<group>";
		};
		4976E1C2268DC13B00DF4BE3 /* Products */ = {
			isa = PBXGroup;
			children = (
				4976E1C1268DC13B00DF4BE3 /* GraphQLCountry.app */,
				4976E1D2268DC13C00DF4BE3 /* GraphQLCountryTests.xctest */,
				4976E1DD268DC13C00DF4BE3 /* GraphQLCountryUITests.xctest */,
			);
			name = Products;
			sourceTree = "<group>";
		};
		4976E1C3268DC13B00DF4BE3 /* GraphQLCountry */ = {
			isa = PBXGroup;
			children = (
				4976E1C4268DC13B00DF4BE3 /* GraphQLCountryApp.swift */,
				4976E1C6268DC13B00DF4BE3 /* ContentView.swift */,
				4976E1EF268DC16C00DF4BE3 /* GraphQL */,
				4976E1C8268DC13C00DF4BE3 /* Assets.xcassets */,
				4976E1CD268DC13C00DF4BE3 /* Info.plist */,
				4976E1CA268DC13C00DF4BE3 /* Preview Content */,
			);
			path = GraphQLCountry;
			sourceTree = "<group>";
		};
		4976E1CA268DC13C00DF4BE3 /* Preview Content */ = {
			isa = PBXGroup;
			children = (
				4976E1CB268DC13C00DF4BE3 /* Preview Assets.xcassets */,
			);
			path = "Preview Content";
			sourceTree = "<group>";
		};
		4976E1D5268DC13C00DF4BE3 /* GraphQLCountryTests */ = {
			isa = PBXGroup;
			children = (
				4976E1D6268DC13C00DF4BE3 /* GraphQLCountryTests.swift */,
				4976E1D8268DC13C00DF4BE3 /* Info.plist */,
			);
			path = GraphQLCountryTests;
			sourceTree = "<group>";
		};
		4976E1E0268DC13C00DF4BE3 /* GraphQLCountryUITests */ = {
			isa = PBXGroup;
			children = (
				4976E1E1268DC13C00DF4BE3 /* GraphQLCountryUITests.swift */,
				4976E1E3268DC13C00DF4BE3 /* Info.plist */,
			);
			path = GraphQLCountryUITests;
			sourceTree = "<group>";
		};
		4976E1EF268DC16C00DF4BE3 /* GraphQL */ = {
			isa = PBXGroup;
			children = (
				4976E1F0268DC18B00DF4BE3 /* Apollo.swift */,
				4976E1F2268DC1CA00DF4BE3 /* Queries.graphql */,
			);
			path = GraphQL;
			sourceTree = "<group>";
		};
/* End PBXGroup section */

/* Begin PBXNativeTarget section */
		4976E1C0268DC13B00DF4BE3 /* GraphQLCountry */ = {
			isa = PBXNativeTarget;
			buildConfigurationList = 4976E1E6268DC13D00DF4BE3 /* Build configuration list for PBXNativeTarget "GraphQLCountry" */;
			buildPhases = (
				4976E1BD268DC13B00DF4BE3 /* Sources */,
				4976E1BE268DC13B00DF4BE3 /* Frameworks */,
				4976E1BF268DC13B00DF4BE3 /* Resources */,
			);
			buildRules = (
			);
			dependencies = (
			);
			name = GraphQLCountry;
			productName = GraphQLCountry;
			productReference = 4976E1C1268DC13B00DF4BE3 /* GraphQLCountry.app */;
			productType = "com.apple.product-type.application";
		};
		4976E1D1268DC13C00DF4BE3 /* GraphQLCountryTests */ = {
			isa = PBXNativeTarget;
			buildConfigurationList = 4976E1E9268DC13D00DF4BE3 /* Build configuration list for PBXNativeTarget "GraphQLCountryTests" */;
			buildPhases = (
				4976E1CE268DC13C00DF4BE3 /* Sources */,
				4976E1CF268DC13C00DF4BE3 /* Frameworks */,
				4976E1D0268DC13C00DF4BE3 /* Resources */,
			);
			buildRules = (
			);
			dependencies = (
				4976E1D4268DC13C00DF4BE3 /* PBXTargetDependency */,
			);
			name = GraphQLCountryTests;
			productName = GraphQLCountryTests;
			productReference = 4976E1D2268DC13C00DF4BE3 /* GraphQLCountryTests.xctest */;
			productType = "com.apple.product-type.bundle.unit-test";
		};
		4976E1DC268DC13C00DF4BE3 /* GraphQLCountryUITests */ = {
			isa = PBXNativeTarget;
			buildConfigurationList = 4976E1EC268DC13D00DF4BE3 /* Build configuration list for PBXNativeTarget "GraphQLCountryUITests" */;
			buildPhases = (
				4976E1D9268DC13C00DF4BE3 /* Sources */,
				4976E1DA268DC13C00DF4BE3 /* Frameworks */,
				4976E1DB268DC13C00DF4BE3 /* Resources */,
			);
			buildRules = (
			);
			dependencies = (
				4976E1DF268DC13C00DF4BE3 /* PBXTargetDependency */,
			);
			name = GraphQLCountryUITests;
			productName = GraphQLCountryUITests;
			productReference = 4976E1DD268DC13C00DF4BE3 /* GraphQLCountryUITests.xctest */;
			productType = "com.apple.product-type.bundle.ui-testing";
		};
/* End PBXNativeTarget section */

/* Begin PBXProject section */
		4976E1B9268DC13B00DF4BE3 /* Project object */ = {
			isa = PBXProject;
			attributes = {
				LastSwiftUpdateCheck = 1250;
				LastUpgradeCheck = 1250;
				TargetAttributes = {
					4976E1C0268DC13B00DF4BE3 = {
						CreatedOnToolsVersion = 12.5.1;
					};
					4976E1D1268DC13C00DF4BE3 = {
						CreatedOnToolsVersion = 12.5.1;
						TestTargetID = 4976E1C0268DC13B00DF4BE3;
					};
					4976E1DC268DC13C00DF4BE3 = {
						CreatedOnToolsVersion = 12.5.1;
						TestTargetID = 4976E1C0268DC13B00DF4BE3;
					};
				};
			};
			buildConfigurationList = 4976E1BC268DC13B00DF4BE3 /* Build configuration list for PBXProject "GraphQLCountry" */;
			compatibilityVersion = "Xcode 9.3";
			developmentRegion = en;
			hasScannedForEncodings = 0;
			knownRegions = (
				en,
				Base,
			);
			mainGroup = 4976E1B8268DC13B00DF4BE3;
			productRefGroup = 4976E1C2268DC13B00DF4BE3 /* Products */;
			projectDirPath = "";
			projectRoot = "";
			targets = (
				4976E1C0268DC13B00DF4BE3 /* GraphQLCountry */,
				4976E1D1268DC13C00DF4BE3 /* GraphQLCountryTests */,
				4976E1DC268DC13C00DF4BE3 /* GraphQLCountryUITests */,
			);
		};
/* End PBXProject section */

/* Begin PBXResourcesBuildPhase section */
		4976E1BF268DC13B00DF4BE3 /* Resources */ = {
			isa = PBXResourcesBuildPhase;
			buildActionMask = 2147483647;
			files = (
				4976E1F3268DC1CA00DF4BE3 /* Queries.graphql in Resources */,
				4976E1CC268DC13C00DF4BE3 /* Preview Assets.xcassets in Resources */,
				4976E1C9268DC13C00DF4BE3 /* Assets.xcassets in Resources */,
			);
			runOnlyForDeploymentPostprocessing = 0;
		};
		4976E1D0268DC13C00DF4BE3 /* Resources */ = {
			isa = PBXResourcesBuildPhase;
			buildActionMask = 2147483647;
			files = (
			);
			runOnlyForDeploymentPostprocessing = 0;
		};
		4976E1DB268DC13C00DF4BE3 /* Resources */ = {
			isa = PBXResourcesBuildPhase;
			buildActionMask = 2147483647;
			files = (
			);
			runOnlyForDeploymentPostprocessing = 0;
		};
/* End PBXResourcesBuildPhase section */

/* Begin PBXSourcesBuildPhase section */
		4976E1BD268DC13B00DF4BE3 /* Sources */ = {
			isa = PBXSourcesBuildPhase;
			buildActionMask = 2147483647;
			files = (
				4976E1C7268DC13B00DF4BE3 /* ContentView.swift in Sources */,
				4976E1F1268DC18B00DF4BE3 /* Apollo.swift in Sources */,
				4976E1C5268DC13B00DF4BE3 /* GraphQLCountryApp.swift in Sources */,
			);
			runOnlyForDeploymentPostprocessing = 0;
		};
		4976E1CE268DC13C00DF4BE3 /* Sources */ = {
			isa = PBXSourcesBuildPhase;
			buildActionMask = 2147483647;
			files = (
				4976E1D7268DC13C00DF4BE3 /* GraphQLCountryTests.swift in Sources */,
			);
			runOnlyForDeploymentPostprocessing = 0;
		};
		4976E1D9268DC13C00DF4BE3 /* Sources */ = {
			isa = PBXSourcesBuildPhase;
			buildActionMask = 2147483647;
			files = (
				4976E1E2268DC13C00DF4BE3 /* GraphQLCountryUITests.swift in Sources */,
			);
			runOnlyForDeploymentPostprocessing = 0;
		};
/* End PBXSourcesBuildPhase section */

/* Begin PBXTargetDependency section */
		4976E1D4268DC13C00DF4BE3 /* PBXTargetDependency */ = {
			isa = PBXTargetDependency;
			target = 4976E1C0268DC13B00DF4BE3 /* GraphQLCountry */;
			targetProxy = 4976E1D3268DC13C00DF4BE3 /* PBXContainerItemProxy */;
		};
		4976E1DF268DC13C00DF4BE3 /* PBXTargetDependency */ = {
			isa = PBXTargetDependency;
			target = 4976E1C0268DC13B00DF4BE3 /* GraphQLCountry */;
			targetProxy = 4976E1DE268DC13C00DF4BE3 /* PBXContainerItemProxy */;
		};
/* End PBXTargetDependency section */

/* Begin XCBuildConfiguration section */
		4976E1E4268DC13C00DF4BE3 /* Debug */ = {
			isa = XCBuildConfiguration;
			buildSettings = {
				ALWAYS_SEARCH_USER_PATHS = NO;
				CLANG_ANALYZER_NONNULL = YES;
				CLANG_ANALYZER_NUMBER_OBJECT_CONVERSION = YES_AGGRESSIVE;
				CLANG_CXX_LANGUAGE_STANDARD = "gnu++14";
				CLANG_CXX_LIBRARY = "libc++";
				CLANG_ENABLE_MODULES = YES;
				CLANG_ENABLE_OBJC_ARC = YES;
				CLANG_ENABLE_OBJC_WEAK = YES;
				CLANG_WARN_BLOCK_CAPTURE_AUTORELEASING = YES;
				CLANG_WARN_BOOL_CONVERSION = YES;
				CLANG_WARN_COMMA = YES;
				CLANG_WARN_CONSTANT_CONVERSION = YES;
				CLANG_WARN_DEPRECATED_OBJC_IMPLEMENTATIONS = YES;
				CLANG_WARN_DIRECT_OBJC_ISA_USAGE = YES_ERROR;
				CLANG_WARN_DOCUMENTATION_COMMENTS = YES;
				CLANG_WARN_EMPTY_BODY = YES;
				CLANG_WARN_ENUM_CONVERSION = YES;
				CLANG_WARN_INFINITE_RECURSION = YES;
				CLANG_WARN_INT_CONVERSION = YES;
				CLANG_WARN_NON_LITERAL_NULL_CONVERSION = YES;
				CLANG_WARN_OBJC_IMPLICIT_RETAIN_SELF = YES;
				CLANG_WARN_OBJC_LITERAL_CONVERSION = YES;
				CLANG_WARN_OBJC_ROOT_CLASS = YES_ERROR;
				CLANG_WARN_QUOTED_INCLUDE_IN_FRAMEWORK_HEADER = YES;
				CLANG_WARN_RANGE_LOOP_ANALYSIS = YES;
				CLANG_WARN_STRICT_PROTOTYPES = YES;
				CLANG_WARN_SUSPICIOUS_MOVE = YES;
				CLANG_WARN_UNGUARDED_AVAILABILITY = YES_AGGRESSIVE;
				CLANG_WARN_UNREACHABLE_CODE = YES;
				CLANG_WARN__DUPLICATE_METHOD_MATCH = YES;
				COPY_PHASE_STRIP = NO;
				DEBUG_INFORMATION_FORMAT = dwarf;
				ENABLE_STRICT_OBJC_MSGSEND = YES;
				ENABLE_TESTABILITY = YES;
				GCC_C_LANGUAGE_STANDARD = gnu11;
				GCC_DYNAMIC_NO_PIC = NO;
				GCC_NO_COMMON_BLOCKS = YES;
				GCC_OPTIMIZATION_LEVEL = 0;
				GCC_PREPROCESSOR_DEFINITIONS = (
					"DEBUG=1",
					"$(inherited)",
				);
				GCC_WARN_64_TO_32_BIT_CONVERSION = YES;
				GCC_WARN_ABOUT_RETURN_TYPE = YES_ERROR;
				GCC_WARN_UNDECLARED_SELECTOR = YES;
				GCC_WARN_UNINITIALIZED_AUTOS = YES_AGGRESSIVE;
				GCC_WARN_UNUSED_FUNCTION = YES;
				GCC_WARN_UNUSED_VARIABLE = YES;
				IPHONEOS_DEPLOYMENT_TARGET = 14.5;
				MTL_ENABLE_DEBUG_INFO = INCLUDE_SOURCE;
				MTL_FAST_MATH = YES;
				ONLY_ACTIVE_ARCH = YES;
				SDKROOT = iphoneos;
				SWIFT_ACTIVE_COMPILATION_CONDITIONS = DEBUG;
				SWIFT_OPTIMIZATION_LEVEL = "-Onone";
			};
			name = Debug;
		};
		4976E1E5268DC13C00DF4BE3 /* Release */ = {
			isa = XCBuildConfiguration;
			buildSettings = {
				ALWAYS_SEARCH_USER_PATHS = NO;
				CLANG_ANALYZER_NONNULL = YES;
				CLANG_ANALYZER_NUMBER_OBJECT_CONVERSION = YES_AGGRESSIVE;
				CLANG_CXX_LANGUAGE_STANDARD = "gnu++14";
				CLANG_CXX_LIBRARY = "libc++";
				CLANG_ENABLE_MODULES = YES;
				CLANG_ENABLE_OBJC_ARC = YES;
				CLANG_ENABLE_OBJC_WEAK = YES;
				CLANG_WARN_BLOCK_CAPTURE_AUTORELEASING = YES;
				CLANG_WARN_BOOL_CONVERSION = YES;
				CLANG_WARN_COMMA = YES;
				CLANG_WARN_CONSTANT_CONVERSION = YES;
				CLANG_WARN_DEPRECATED_OBJC_IMPLEMENTATIONS = YES;
				CLANG_WARN_DIRECT_OBJC_ISA_USAGE = YES_ERROR;
				CLANG_WARN_DOCUMENTATION_COMMENTS = YES;
				CLANG_WARN_EMPTY_BODY = YES;
				CLANG_WARN_ENUM_CONVERSION = YES;
				CLANG_WARN_INFINITE_RECURSION = YES;
				CLANG_WARN_INT_CONVERSION = YES;
				CLANG_WARN_NON_LITERAL_NULL_CONVERSION = YES;
				CLANG_WARN_OBJC_IMPLICIT_RETAIN_SELF = YES;
				CLANG_WARN_OBJC_LITERAL_CONVERSION = YES;
				CLANG_WARN_OBJC_ROOT_CLASS = YES_ERROR;
				CLANG_WARN_QUOTED_INCLUDE_IN_FRAMEWORK_HEADER = YES;
				CLANG_WARN_RANGE_LOOP_ANALYSIS = YES;
				CLANG_WARN_STRICT_PROTOTYPES = YES;
				CLANG_WARN_SUSPICIOUS_MOVE = YES;
				CLANG_WARN_UNGUARDED_AVAILABILITY = YES_AGGRESSIVE;
				CLANG_WARN_UNREACHABLE_CODE = YES;
				CLANG_WARN__DUPLICATE_METHOD_MATCH = YES;
				COPY_PHASE_STRIP = NO;
				DEBUG_INFORMATION_FORMAT = "dwarf-with-dsym";
				ENABLE_NS_ASSERTIONS = NO;
				ENABLE_STRICT_OBJC_MSGSEND = YES;
				GCC_C_LANGUAGE_STANDARD = gnu11;
				GCC_NO_COMMON_BLOCKS = YES;
				GCC_WARN_64_TO_32_BIT_CONVERSION = YES;
				GCC_WARN_ABOUT_RETURN_TYPE = YES_ERROR;
				GCC_WARN_UNDECLARED_SELECTOR = YES;
				GCC_WARN_UNINITIALIZED_AUTOS = YES_AGGRESSIVE;
				GCC_WARN_UNUSED_FUNCTION = YES;
				GCC_WARN_UNUSED_VARIABLE = YES;
				IPHONEOS_DEPLOYMENT_TARGET = 14.5;
				MTL_ENABLE_DEBUG_INFO = NO;
				MTL_FAST_MATH = YES;
				SDKROOT = iphoneos;
				SWIFT_COMPILATION_MODE = wholemodule;
				SWIFT_OPTIMIZATION_LEVEL = "-O";
				VALIDATE_PRODUCT = YES;
			};
			name = Release;
		};
		4976E1E7268DC13D00DF4BE3 /* Debug */ = {
			isa = XCBuildConfiguration;
			buildSettings = {
				ASSETCATALOG_COMPILER_APPICON_NAME = AppIcon;
				ASSETCATALOG_COMPILER_GLOBAL_ACCENT_COLOR_NAME = AccentColor;
				CODE_SIGN_STYLE = Automatic;
				DEVELOPMENT_ASSET_PATHS = "\"GraphQLCountry/Preview Content\"";
				ENABLE_PREVIEWS = YES;
				INFOPLIST_FILE = GraphQLCountry/Info.plist;
				IPHONEOS_DEPLOYMENT_TARGET = 14.0;
				LD_RUNPATH_SEARCH_PATHS = (
					"$(inherited)",
					"@executable_path/Frameworks",
				);
				PRODUCT_BUNDLE_IDENTIFIER = com.mattiagarreffa.GraphQLCountry;
				PRODUCT_NAME = "$(TARGET_NAME)";
				SWIFT_VERSION = 5.0;
				TARGETED_DEVICE_FAMILY = "1,2";
			};
			name = Debug;
		};
		4976E1E8268DC13D00DF4BE3 /* Release */ = {
			isa = XCBuildConfiguration;
			buildSettings = {
				ASSETCATALOG_COMPILER_APPICON_NAME = AppIcon;
				ASSETCATALOG_COMPILER_GLOBAL_ACCENT_COLOR_NAME = AccentColor;
				CODE_SIGN_STYLE = Automatic;
				DEVELOPMENT_ASSET_PATHS = "\"GraphQLCountry/Preview Content\"";
				ENABLE_PREVIEWS = YES;
				INFOPLIST_FILE = GraphQLCountry/Info.plist;
				IPHONEOS_DEPLOYMENT_TARGET = 14.0;
				LD_RUNPATH_SEARCH_PATHS = (
					"$(inherited)",
					"@executable_path/Frameworks",
				);
				PRODUCT_BUNDLE_IDENTIFIER = com.mattiagarreffa.GraphQLCountry;
				PRODUCT_NAME = "$(TARGET_NAME)";
				SWIFT_VERSION = 5.0;
				TARGETED_DEVICE_FAMILY = "1,2";
			};
			name = Release;
		};
		4976E1EA268DC13D00DF4BE3 /* Debug */ = {
			isa = XCBuildConfiguration;
			buildSettings = {
				ALWAYS_EMBED_SWIFT_STANDARD_LIBRARIES = YES;
				BUNDLE_LOADER = "$(TEST_HOST)";
				CODE_SIGN_STYLE = Automatic;
				INFOPLIST_FILE = GraphQLCountryTests/Info.plist;
				IPHONEOS_DEPLOYMENT_TARGET = 14.0;
				LD_RUNPATH_SEARCH_PATHS = (
					"$(inherited)",
					"@executable_path/Frameworks",
					"@loader_path/Frameworks",
				);
				PRODUCT_BUNDLE_IDENTIFIER = com.mattiagarreffa.GraphQLCountryTests;
				PRODUCT_NAME = "$(TARGET_NAME)";
				SWIFT_VERSION = 5.0;
				TARGETED_DEVICE_FAMILY = "1,2";
				TEST_HOST = "$(BUILT_PRODUCTS_DIR)/GraphQLCountry.app/GraphQLCountry";
			};
			name = Debug;
		};
		4976E1EB268DC13D00DF4BE3 /* Release */ = {
			isa = XCBuildConfiguration;
			buildSettings = {
				ALWAYS_EMBED_SWIFT_STANDARD_LIBRARIES = YES;
				BUNDLE_LOADER = "$(TEST_HOST)";
				CODE_SIGN_STYLE = Automatic;
				INFOPLIST_FILE = GraphQLCountryTests/Info.plist;
				IPHONEOS_DEPLOYMENT_TARGET = 14.0;
				LD_RUNPATH_SEARCH_PATHS = (
					"$(inherited)",
					"@executable_path/Frameworks",
					"@loader_path/Frameworks",
				);
				PRODUCT_BUNDLE_IDENTIFIER = com.mattiagarreffa.GraphQLCountryTests;
				PRODUCT_NAME = "$(TARGET_NAME)";
				SWIFT_VERSION = 5.0;
				TARGETED_DEVICE_FAMILY = "1,2";
				TEST_HOST = "$(BUILT_PRODUCTS_DIR)/GraphQLCountry.app/GraphQLCountry";
			};
			name = Release;
		};
		4976E1ED268DC13D00DF4BE3 /* Debug */ = {
			isa = XCBuildConfiguration;
			buildSettings = {
				ALWAYS_EMBED_SWIFT_STANDARD_LIBRARIES = YES;
				CODE_SIGN_STYLE = Automatic;
				INFOPLIST_FILE = GraphQLCountryUITests/Info.plist;
				LD_RUNPATH_SEARCH_PATHS = (
					"$(inherited)",
					"@executable_path/Frameworks",
					"@loader_path/Frameworks",
				);
				PRODUCT_BUNDLE_IDENTIFIER = com.mattiagarreffa.GraphQLCountryUITests;
				PRODUCT_NAME = "$(TARGET_NAME)";
				SWIFT_VERSION = 5.0;
				TARGETED_DEVICE_FAMILY = "1,2";
				TEST_TARGET_NAME = GraphQLCountry;
			};
			name = Debug;
		};
		4976E1EE268DC13D00DF4BE3 /* Release */ = {
			isa = XCBuildConfiguration;
			buildSettings = {
				ALWAYS_EMBED_SWIFT_STANDARD_LIBRARIES = YES;
				CODE_SIGN_STYLE = Automatic;
				INFOPLIST_FILE = GraphQLCountryUITests/Info.plist;
				LD_RUNPATH_SEARCH_PATHS = (
					"$(inherited)",
					"@executable_path/Frameworks",
					"@loader_path/Frameworks",
				);
				PRODUCT_BUNDLE_IDENTIFIER = com.mattiagarreffa.GraphQLCountryUITests;
				PRODUCT_NAME = "$(TARGET_NAME)";
				SWIFT_VERSION = 5.0;
				TARGETED_DEVICE_FAMILY = "1,2";
				TEST_TARGET_NAME = GraphQLCountry;
			};
			name = Release;
		};
/* End XCBuildConfiguration section */

/* Begin XCConfigurationList section */
		4976E1BC268DC13B00DF4BE3 /* Build configuration list for PBXProject "GraphQLCountry" */ = {
			isa = XCConfigurationList;
			buildConfigurations = (
				4976E1E4268DC13C00DF4BE3 /* Debug */,
				4976E1E5268DC13C00DF4BE3 /* Release */,
			);
			defaultConfigurationIsVisible = 0;
			defaultConfigurationName = Release;
		};
		4976E1E6268DC13D00DF4BE3 /* Build configuration list for PBXNativeTarget "GraphQLCountry" */ = {
			isa = XCConfigurationList;
			buildConfigurations = (
				4976E1E7268DC13D00DF4BE3 /* Debug */,
				4976E1E8268DC13D00DF4BE3 /* Release */,
			);
			defaultConfigurationIsVisible = 0;
			defaultConfigurationName = Release;
		};
		4976E1E9268DC13D00DF4BE3 /* Build configuration list for PBXNativeTarget "GraphQLCountryTests" */ = {
			isa = XCConfigurationList;
			buildConfigurations = (
				4976E1EA268DC13D00DF4BE3 /* Debug */,
				4976E1EB268DC13D00DF4BE3 /* Release */,
			);
			defaultConfigurationIsVisible = 0;
			defaultConfigurationName = Release;
		};
		4976E1EC268DC13D00DF4BE3 /* Build configuration list for PBXNativeTarget "GraphQLCountryUITests" */ = {
			isa = XCConfigurationList;
			buildConfigurations = (
				4976E1ED268DC13D00DF4BE3 /* Debug */,
				4976E1EE268DC13D00DF4BE3 /* Release */,
			);
			defaultConfigurationIsVisible = 0;
			defaultConfigurationName = Release;
		};
/* End XCConfigurationList section */
	};
	rootObject = 4976E1B9268DC13B00DF4BE3 /* Project object */;
}
